
Microsoft Visual Studio Solution File, Format Version 12.00
# Visual Studio Version 16
VisualStudioVersion = 16.0.29806.167
MinimumVisualStudioVersion = 10.0.40219.1
Project("{9A19103F-16F7-4668-BE54-9A1E7A4F7556}") = "fixme", "fixme.csproj", "{047EC1FF-530A-456E-AF3B-046EB297AF23}"
	ProjectSection(ProjectDependencies) = postProject
		{8DDBC7E7-5299-4E79-8293-FAB95A2F0CA3} = {8DDBC7E7-5299-4E79-8293-FAB95A2F0CA3}
	EndProjectSection
EndProject
Project("{FAE04EC0-301F-11D3-BF4B-00C04F79EFBC}") = "Logger", "..\..\..\..\..\..\..\..\..\..\temp\test home\logger\Logger\Logger.csproj", "{9226E9FC-2658-4617-A60D-EE2377FC9EBD}"
	ProjectSection(ProjectDependencies) = postProject
		{8DDBC7E7-5299-4E79-8293-FAB95A2F0CA3} = {8DDBC7E7-5299-4E79-8293-FAB95A2F0CA3}
		{047EC1FF-530A-456E-AF3B-046EB297AF23} = {047EC1FF-530A-456E-AF3B-046EB297AF23}
	EndProjectSection
EndProject
Project("{FAE04EC0-301F-11D3-BF4B-00C04F79EFBC}") = "LoggerUtils", "..\LoggerUtils\LoggerUtils.csproj", "{8DDBC7E7-5299-4E79-8293-FAB95A2F0CA3}"
EndProject
Global
	GlobalSection(SolutionConfigurationPlatforms) = preSolution
		Debug|Any CPU = Debug|Any CPU
		Release|Any CPU = Release|Any CPU
	EndGlobalSection
	GlobalSection(ProjectConfigurationPlatforms) = postSolution
		{047EC1FF-530A-456E-AF3B-046EB297AF23}.Debug|Any CPU.ActiveCfg = Debug|Any CPU
		{047EC1FF-530A-456E-AF3B-046EB297AF23}.Debug|Any CPU.Build.0 = Debug|Any CPU
		{047EC1FF-530A-456E-AF3B-046EB297AF23}.Release|Any CPU.ActiveCfg = Release|Any CPU
		{047EC1FF-530A-456E-AF3B-046EB297AF23}.Release|Any CPU.Build.0 = Release|Any CPU
		{9226E9FC-2658-4617-A60D-EE2377FC9EBD}.Debug|Any CPU.ActiveCfg = Debug|Any CPU
		{9226E9FC-2658-4617-A60D-EE2377FC9EBD}.Debug|Any CPU.Build.0 = Debug|Any CPU
		{9226E9FC-2658-4617-A60D-EE2377FC9EBD}.Release|Any CPU.ActiveCfg = Release|Any CPU
		{9226E9FC-2658-4617-A60D-EE2377FC9EBD}.Release|Any CPU.Build.0 = Release|Any CPU
		{8DDBC7E7-5299-4E79-8293-FAB95A2F0CA3}.Debug|Any CPU.ActiveCfg = Debug|Any CPU
		{8DDBC7E7-5299-4E79-8293-FAB95A2F0CA3}.Debug|Any CPU.Build.0 = Debug|Any CPU
		{8DDBC7E7-5299-4E79-8293-FAB95A2F0CA3}.Release|Any CPU.ActiveCfg = Release|Any CPU
		{8DDBC7E7-5299-4E79-8293-FAB95A2F0CA3}.Release|Any CPU.Build.0 = Release|Any CPU
	EndGlobalSection
	GlobalSection(SolutionProperties) = preSolution
		HideSolutionNode = FALSE
	EndGlobalSection
	GlobalSection(ExtensibilityGlobals) = postSolution
		SolutionGuid = {A7C1BE83-7E3F-4EE9-8275-8A111A1336F8}
	EndGlobalSection
EndGlobal
