
Microsoft Visual Studio Solution File, Format Version 12.00
# Visual Studio Version 16
VisualStudioVersion = 16.0.30114.105
MinimumVisualStudioVersion = 10.0.40219.1
Project("{FAE04EC0-301F-11D3-BF4B-00C04F79EFBC}") = "Logger", "Logger.csproj", "{9226E9FC-2658-4617-A60D-EE2377FC9EBD}"
EndProject
Project("{FAE04EC0-301F-11D3-BF4B-00C04F79EFBC}") = "LoggerUtils", "LoggerUtils\LoggerUtils.csproj", "{8DDBC7E7-5299-4E79-8293-FAB95A2F0CA3}"
EndProject
Global
	GlobalSection(SolutionConfigurationPlatforms) = preSolution
		Debug|Any CPU = Debug|Any CPU
		Release|Any CPU = Release|Any CPU
	EndGlobalSection
	GlobalSection(ProjectConfigurationPlatforms) = postSolution
		{9226E9FC-2658-4617-A60D-EE2377FC9EBD}.Debug|Any CPU.ActiveCfg = Debug|Any CPU
		{9226E9FC-2658-4617-A60D-EE2377FC9EBD}.Debug|Any CPU.Build.0 = Debug|Any CPU
		{9226E9FC-2658-4617-A60D-EE2377FC9EBD}.Release|Any CPU.ActiveCfg = Release|Any CPU
		{9226E9FC-2658-4617-A60D-EE2377FC9EBD}.Release|Any CPU.Build.0 = Release|Any CPU
		{8DDBC7E7-5299-4E79-8293-FAB95A2F0CA3}.Debug|Any CPU.ActiveCfg = Debug|Any CPU
		{8DDBC7E7-5299-4E79-8293-FAB95A2F0CA3}.Debug|Any CPU.Build.0 = Debug|Any CPU
		{8DDBC7E7-5299-4E79-8293-FAB95A2F0CA3}.Release|Any CPU.ActiveCfg = Release|Any CPU
		{8DDBC7E7-5299-4E79-8293-FAB95A2F0CA3}.Release|Any CPU.Build.0 = Release|Any CPU
	EndGlobalSection
	GlobalSection(SolutionProperties) = preSolution
		HideSolutionNode = FALSE
	EndGlobalSection
	GlobalSection(ExtensibilityGlobals) = postSolution
		SolutionGuid = {47069069-8750-48BC-8D16-E83A480053E4}
	EndGlobalSection
EndGlobal
